
Microsoft Visual Studio Solution File, Format Version 12.00
Project("{8BC9CEB8-8B4A-11D0-8D11-00A0C91BC942}") = "BTS_Tree", "BTS_Tree\BTS_Tree.vcxproj", "{E10E0A8D-4A58-41C0-92C3-076CB40838EA}"
EndProject
Global
	GlobalSection(SolutionConfigurationPlatforms) = preSolution
		Debug|Win32 = Debug|Win32
		Debug|x64 = Debug|x64
		Release|Win32 = Release|Win32
		Release|x64 = Release|x64
	EndGlobalSection
	GlobalSection(ProjectConfigurationPlatforms) = postSolution
		{E10E0A8D-4A58-41C0-92C3-076CB40838EA}.Debug|Win32.ActiveCfg = Debug|Win32
		{E10E0A8D-4A58-41C0-92C3-076CB40838EA}.Debug|Win32.Build.0 = Debug|Win32
		{E10E0A8D-4A58-41C0-92C3-076CB40838EA}.Debug|x64.ActiveCfg = Debug|x64
		{E10E0A8D-4A58-41C0-92C3-076CB40838EA}.Debug|x64.Build.0 = Debug|x64
		{E10E0A8D-4A58-41C0-92C3-076CB40838EA}.Release|Win32.ActiveCfg = Release|Win32
		{E10E0A8D-4A58-41C0-92C3-076CB40838EA}.Release|Win32.Build.0 = Release|Win32
		{E10E0A8D-4A58-41C0-92C3-076CB40838EA}.Release|x64.ActiveCfg = Release|x64
		{E10E0A8D-4A58-41C0-92C3-076CB40838EA}.Release|x64.Build.0 = Release|x64
	EndGlobalSection
EndGlobal
